# This lock file was generated by conda-lock (https://github.com/conda/conda-lock). DO NOT EDIT!
#
# A "lock file" contains a concrete list of package versions (with checksums) to be installed. Unlike
# e.g. `conda env create`, the resulting environment will not change as new package versions become
# available, unless you explicitly update the lock file.
#
# Install this environment as "YOURENV" with:
#     conda-lock install -n YOURENV environment-tests-lock.yml
# To update a single package to the latest version compatible with the version constraints in the source:
#     conda-lock lock  --lockfile environment-tests-lock.yml --update PACKAGE
# To re-solve the entire environment, e.g. after changing a version constraint in the source file:
#     conda-lock -f ../environment-tests.yml --lockfile environment-tests-lock.yml
version: 1
metadata:
  content_hash:
    linux-64: 18e0b30fcd7f6f346de13ac95e431bb2b7ecba7db01293acfbdb7046436f5cb6
  channels:
  - url: conda-forge
    used_env_vars: []
  platforms:
  - linux-64
  sources:
  - ../environment-tests.yml
package:
- name: _libgcc_mutex
  version: '0.1'
  manager: conda
  platform: linux-64
  dependencies: {}
  url: https://conda.anaconda.org/conda-forge/linux-64/_libgcc_mutex-0.1-conda_forge.tar.bz2
  hash:
    md5: d7c89558ba9fa0495403155b64376d81
    sha256: fe51de6107f9edc7aa4f786a70f4a883943bc9d39b3bb7307c04c41410990726
  category: main
  optional: false
- name: _openmp_mutex
  version: '4.5'
  manager: conda
  platform: linux-64
  dependencies:
    _libgcc_mutex: '0.1'
    libgomp: '>=7.5.0'
  url: https://conda.anaconda.org/conda-forge/linux-64/_openmp_mutex-4.5-2_gnu.tar.bz2
  hash:
    md5: 73aaf86a425cc6e73fcf236a5a46396d
    sha256: fbe2c5e56a653bebb982eda4876a9178aedfc2b545f25d0ce9c4c0b508253d22
  category: main
  optional: false
- name: bzip2
  version: 1.0.8
  manager: conda
  platform: linux-64
  dependencies:
    __glibc: '>=2.17,<3.0.a0'
    libgcc: '>=14'
  url: https://conda.anaconda.org/conda-forge/linux-64/bzip2-1.0.8-hda65f42_8.conda
  hash:
    md5: 51a19bba1b8ebfb60df25cde030b7ebc
    sha256: c30daba32ddebbb7ded490f0e371eae90f51e72db620554089103b4a6934b0d5
  category: main
  optional: false
- name: ca-certificates
  version: 2026.1.4
  manager: conda
  platform: linux-64
  dependencies:
    __unix: ''
  url: https://conda.anaconda.org/conda-forge/noarch/ca-certificates-2026.1.4-hbd8a1cb_0.conda
  hash:
    md5: bddacf101bb4dd0e51811cb69c7790e2
    sha256: b5974ec9b50e3c514a382335efa81ed02b05906849827a34061c496f4defa0b2
  category: main
  optional: false
- name: colorama
  version: 0.4.6
  manager: conda
  platform: linux-64
  dependencies:
    python: '>=3.9'
  url: https://conda.anaconda.org/conda-forge/noarch/colorama-0.4.6-pyhd8ed1ab_1.conda
  hash:
    md5: 962b9857ee8e7018c22f2776ffa0b2d7
    sha256: ab29d57dc70786c1269633ba3dff20288b81664d3ff8d21af995742e2bb03287
  category: main
  optional: false
- name: coverage
  version: 7.13.3
  manager: conda
  platform: linux-64
  dependencies:
    __glibc: '>=2.17,<3.0.a0'
    libgcc: '>=14'
    python: '>=3.14,<3.15.0a0'
    python_abi: 3.14.*
    tomli: ''
  url: https://conda.anaconda.org/conda-forge/linux-64/coverage-7.13.3-py314h67df5f8_0.conda
  hash:
    md5: 705e973836337db525548d91d44ca3bc
    sha256: 4627e97a9d90fd5458bdeae9fa8616e319dde4c7fad5c1f95b5f0a43127afe5f
  category: main
  optional: false
- name: exceptiongroup
  version: 1.3.1
  manager: conda
  platform: linux-64
  dependencies:
    python: '>=3.10'
    typing_extensions: '>=4.6.0'
  url: https://conda.anaconda.org/conda-forge/noarch/exceptiongroup-1.3.1-pyhd8ed1ab_0.conda
  hash:
    md5: 8e662bd460bda79b1ea39194e3c4c9ab
    sha256: ee6cf346d017d954255bbcbdb424cddea4d14e4ed7e9813e429db1d795d01144
  category: main
  optional: false
- name: icu
  version: '78.2'
  manager: conda
  platform: linux-64
  dependencies:
    __glibc: '>=2.17,<3.0.a0'
    libgcc: '>=14'
    libstdcxx: '>=14'
  url: https://conda.anaconda.org/conda-forge/linux-64/icu-78.2-h33c6efd_0.conda
  hash:
    md5: 186a18e3ba246eccfc7cff00cd19a870
    sha256: 142a722072fa96cf16ff98eaaf641f54ab84744af81754c292cb81e0881c0329
  category: main
  optional: false
- name: iniconfig
  version: 2.3.0
  manager: conda
  platform: linux-64
  dependencies:
    python: '>=3.10'
  url: https://conda.anaconda.org/conda-forge/noarch/iniconfig-2.3.0-pyhd8ed1ab_0.conda
  hash:
    md5: 9614359868482abba1bd15ce465e3c42
    sha256: e1a9e3b1c8fe62dc3932a616c284b5d8cbe3124bbfbedcf4ce5c828cb166ee19
  category: main
  optional: false
- name: ld_impl_linux-64
  version: 2.45.1
  manager: conda
  platform: linux-64
  dependencies:
    __glibc: '>=2.17,<3.0.a0'
    zstd: '>=1.5.7,<1.6.0a0'
  url: https://conda.anaconda.org/conda-forge/linux-64/ld_impl_linux-64-2.45.1-default_hbd61a6d_101.conda
  hash:
    md5: 12bd9a3f089ee6c9266a37dab82afabd
    sha256: 565941ac1f8b0d2f2e8f02827cbca648f4d18cd461afc31f15604cd291b5c5f3
  category: main
  optional: false
- name: libexpat
  version: 2.7.3
  manager: conda
  platform: linux-64
  dependencies:
    __glibc: '>=2.17,<3.0.a0'
    libgcc: '>=14'
  url: https://conda.anaconda.org/conda-forge/linux-64/libexpat-2.7.3-hecca717_0.conda
  hash:
    md5: 8b09ae86839581147ef2e5c5e229d164
    sha256: 1e1b08f6211629cbc2efe7a5bca5953f8f6b3cae0eeb04ca4dacee1bd4e2db2f
  category: main
  optional: false
- name: libffi
  version: 3.5.2
  manager: conda
  platform: linux-64
  dependencies:
    __glibc: '>=2.17,<3.0.a0'
    libgcc: '>=14'
  url: https://conda.anaconda.org/conda-forge/linux-64/libffi-3.5.2-h3435931_0.conda
  hash:
    md5: a360c33a5abe61c07959e449fa1453eb
    sha256: 31f19b6a88ce40ebc0d5a992c131f57d919f73c0b92cd1617a5bec83f6e961e6
  category: main
  optional: false
- name: libgcc
  version: 15.2.0
  manager: conda
  platform: linux-64
  dependencies:
    __glibc: '>=2.17,<3.0.a0'
    _openmp_mutex: '>=4.5'
  url: https://conda.anaconda.org/conda-forge/linux-64/libgcc-15.2.0-he0feb66_17.conda
  hash:
    md5: 3c281169ea25b987311400d7a7e28445
    sha256: 43860222cf3abf04ded0cf24541a105aa388e0e1d4d6ca46258e186d4e87ae3e
  category: main
  optional: false
- name: libgomp
  version: 15.2.0
  manager: conda
  platform: linux-64
  dependencies:
    __glibc: '>=2.17,<3.0.a0'
  url: https://conda.anaconda.org/conda-forge/linux-64/libgomp-15.2.0-he0feb66_17.conda
  hash:
    md5: 51b78c6a757575c0d12f4401ffc67029
    sha256: b961b5dd9761907a7179678b58a69bb4fc16b940eb477f635aea3aec0a3f17a6
  category: main
  optional: false
- name: liblzma
  version: 5.8.2
  manager: conda
  platform: linux-64
  dependencies:
    __glibc: '>=2.17,<3.0.a0'
    libgcc: '>=14'
  url: https://conda.anaconda.org/conda-forge/linux-64/liblzma-5.8.2-hb03c661_0.conda
  hash:
    md5: c7c83eecbb72d88b940c249af56c8b17
    sha256: 755c55ebab181d678c12e49cced893598f2bab22d582fbbf4d8b83c18be207eb
  category: main
  optional: false
- name: libmpdec
  version: 4.0.0
  manager: conda
  platform: linux-64
  dependencies:
    __glibc: '>=2.17,<3.0.a0'
    libgcc: '>=14'
  url: https://conda.anaconda.org/conda-forge/linux-64/libmpdec-4.0.0-hb03c661_1.conda
  hash:
    md5: 2c21e66f50753a083cbe6b80f38268fa
    sha256: fe171ed5cf5959993d43ff72de7596e8ac2853e9021dec0344e583734f1e0843
  category: main
  optional: false
- name: libsqlite
  version: 3.51.2
  manager: conda
  platform: linux-64
  dependencies:
    __glibc: '>=2.17,<3.0.a0'
    icu: '>=78.2,<79.0a0'
    libgcc: '>=14'
    libzlib: '>=1.3.1,<2.0a0'
  url: https://conda.anaconda.org/conda-forge/linux-64/libsqlite-3.51.2-hf4e2dac_0.conda
  hash:
    md5: da5be73701eecd0e8454423fd6ffcf30
    sha256: 04596fcee262a870e4b7c9807224680ff48d4d0cc0dac076a602503d3dc6d217
  category: main
  optional: false
- name: libstdcxx
  version: 15.2.0
  manager: conda
  platform: linux-64
  dependencies:
    __glibc: '>=2.17,<3.0.a0'
    libgcc: 15.2.0
  url: https://conda.anaconda.org/conda-forge/linux-64/libstdcxx-15.2.0-h934c35e_17.conda
  hash:
    md5: 24c2fe35fa45cd71214beba6f337c071
    sha256: 50c48cd3716a2e58e8e2e02edc78fef2d08fffe1e3b1ed40eb5f87e7e2d07889
  category: main
  optional: false
- name: libuuid
  version: 2.41.3
  manager: conda
  platform: linux-64
  dependencies:
    __glibc: '>=2.17,<3.0.a0'
    libgcc: '>=14'
  url: https://conda.anaconda.org/conda-forge/linux-64/libuuid-2.41.3-h5347b49_0.conda
  hash:
    md5: db409b7c1720428638e7c0d509d3e1b5
    sha256: 1a7539cfa7df00714e8943e18de0b06cceef6778e420a5ee3a2a145773758aee
  category: main
  optional: false
- name: libzlib
  version: 1.3.1
  manager: conda
  platform: linux-64
  dependencies:
    __glibc: '>=2.17,<3.0.a0'
    libgcc: '>=13'
  url: https://conda.anaconda.org/conda-forge/linux-64/libzlib-1.3.1-hb9d3cd8_2.conda
  hash:
    md5: edb0dca6bc32e4f4789199455a1dbeb8
    sha256: d4bfe88d7cb447768e31650f06257995601f89076080e76df55e3112d4e47dc4
  category: main
  optional: false
- name: ncurses
  version: '6.5'
  manager: conda
  platform: linux-64
  dependencies:
    __glibc: '>=2.17,<3.0.a0'
    libgcc: '>=13'
  url: https://conda.anaconda.org/conda-forge/linux-64/ncurses-6.5-h2d0b736_3.conda
  hash:
    md5: 47e340acb35de30501a76c7c799c41d7
    sha256: 3fde293232fa3fca98635e1167de6b7c7fda83caf24b9d6c91ec9eefb4f4d586
  category: main
  optional: false
- name: openssl
  version: 3.6.1
  manager: conda
  platform: linux-64
  dependencies:
    __glibc: '>=2.17,<3.0.a0'
    ca-certificates: ''
    libgcc: '>=14'
  url: https://conda.anaconda.org/conda-forge/linux-64/openssl-3.6.1-h35e630c_1.conda
  hash:
    md5: f61eb8cd60ff9057122a3d338b99c00f
    sha256: 44c877f8af015332a5d12f5ff0fb20ca32f896526a7d0cdb30c769df1144fb5c
  category: main
  optional: false
- name: packaging
  version: '26.0'
  manager: conda
  platform: linux-64
  dependencies:
    python: ''
  url: https://conda.anaconda.org/conda-forge/noarch/packaging-26.0-pyhcf101f3_0.conda
  hash:
    md5: b76541e68fea4d511b1ac46a28dcd2c6
    sha256: c1fc0f953048f743385d31c468b4a678b3ad20caffdeaa94bed85ba63049fd58
  category: main
  optional: false
- name: pluggy
  version: 1.6.0
  manager: conda
  platform: linux-64
  dependencies:
    python: ''
  url: https://conda.anaconda.org/conda-forge/noarch/pluggy-1.6.0-pyhf9edf01_1.conda
  hash:
    md5: d7585b6550ad04c8c5e21097ada2888e
    sha256: e14aafa63efa0528ca99ba568eaf506eb55a0371d12e6250aaaa61718d2eb62e
  category: main
  optional: false
- name: py-cpuinfo
  version: 9.0.0
  manager: conda
  platform: linux-64
  dependencies:
    python: '>=3.9'
  url: https://conda.anaconda.org/conda-forge/noarch/py-cpuinfo-9.0.0-pyhd8ed1ab_1.conda
  hash:
    md5: 46830ee16925d5ed250850503b5dc3a8
    sha256: 6d8f03c13d085a569fde931892cded813474acbef2e03381a1a87f420c7da035
  category: main
  optional: false
- name: pygments
  version: 2.19.2
  manager: conda
  platform: linux-64
  dependencies:
    python: '>=3.9'
  url: https://conda.anaconda.org/conda-forge/noarch/pygments-2.19.2-pyhd8ed1ab_0.conda
  hash:
    md5: 6b6ece66ebcae2d5f326c77ef2c5a066
    sha256: 5577623b9f6685ece2697c6eb7511b4c9ac5fb607c9babc2646c811b428fd46a
  category: main
  optional: false
- name: pytest
  version: 9.0.2
  manager: conda
  platform: linux-64
  dependencies:
    colorama: '>=0.4'
    exceptiongroup: '>=1'
    iniconfig: '>=1.0.1'
    packaging: '>=22'
    pluggy: '>=1.5,<2'
    pygments: '>=2.7.2'
    python: ''
    tomli: '>=1'
  url: https://conda.anaconda.org/conda-forge/noarch/pytest-9.0.2-pyhcf101f3_0.conda
  hash:
    md5: 2b694bad8a50dc2f712f5368de866480
    sha256: 9e749fb465a8bedf0184d8b8996992a38de351f7c64e967031944978de03a520
  category: main
  optional: false
- name: pytest-benchmark
  version: 5.2.3
  manager: conda
  platform: linux-64
  dependencies:
    py-cpuinfo: ''
    pytest: '>=8.1'
    python: '>=3.10'
  url: https://conda.anaconda.org/conda-forge/noarch/pytest-benchmark-5.2.3-pyhd8ed1ab_0.conda
  hash:
    md5: 0e7294ed4af8b833fcd2c101d647c3da
    sha256: 2f2229415a6e5387c1faaedf442ea8c07471cb2bf5ad1007b9cfb83ea85ca29a
  category: main
  optional: false
- name: pytest-order
  version: 1.3.0
  manager: conda
  platform: linux-64
  dependencies:
    pytest: '>=5.0'
    python: ''
  url: https://conda.anaconda.org/conda-forge/noarch/pytest-order-1.3.0-pyh29332c3_2.conda
  hash:
    md5: e9e7d96ef6e90a50a4a484b305a9b0d9
    sha256: d30aed1972a363df32ae7fb41b2b622eb40444f0377446ac47b0c3c639173eb4
  category: main
  optional: false
- name: pytest-timeout
  version: 2.4.0
  manager: conda
  platform: linux-64
  dependencies:
    pytest: '>=7.0.0'
    python: '>=3.9'
  url: https://conda.anaconda.org/conda-forge/noarch/pytest-timeout-2.4.0-pyhd8ed1ab_0.conda
  hash:
    md5: 52a50ca8ea1b3496fbd3261bea8c5722
    sha256: 25afa7d9387f2aa151b45eb6adf05f9e9e3f58c8de2bc09be7e85c114118eeb9
  category: main
  optional: false
- name: python
  version: 3.14.3
  manager: conda
  platform: linux-64
  dependencies:
    __glibc: '>=2.17,<3.0.a0'
    bzip2: '>=1.0.8,<2.0a0'
    ld_impl_linux-64: '>=2.36.1'
    libexpat: '>=2.7.3,<3.0a0'
    libffi: '>=3.5.2,<3.6.0a0'
    libgcc: '>=14'
    liblzma: '>=5.8.2,<6.0a0'
    libmpdec: '>=4.0.0,<5.0a0'
    libsqlite: '>=3.51.2,<4.0a0'
    libuuid: '>=2.41.3,<3.0a0'
    libzlib: '>=1.3.1,<2.0a0'
    ncurses: '>=6.5,<7.0a0'
    openssl: '>=3.5.5,<4.0a0'
    python_abi: 3.14.*
    readline: '>=8.3,<9.0a0'
    tk: '>=8.6.13,<8.7.0a0'
    tzdata: ''
    zstd: '>=1.5.7,<1.6.0a0'
  url: https://conda.anaconda.org/conda-forge/linux-64/python-3.14.3-h32b2ec7_100_cp314.conda
  hash:
    md5: b40594d5da041824087eebe12228af42
    sha256: ff087b19d158644d3b0708eca10a5e40d692cdc8e95f53715f4490c6959f3768
  category: main
  optional: false
- name: python_abi
  version: '3.14'
  manager: conda
  platform: linux-64
  dependencies: {}
  url: https://conda.anaconda.org/conda-forge/noarch/python_abi-3.14-8_cp314.conda
  hash:
    md5: 0539938c55b6b1a59b560e843ad864a4
    sha256: ad6d2e9ac39751cc0529dd1566a26751a0bf2542adb0c232533d32e176e21db5
  category: main
  optional: false
- name: readline
  version: '8.3'
  manager: conda
  platform: linux-64
  dependencies:
    __glibc: '>=2.17,<3.0.a0'
    libgcc: '>=14'
    ncurses: '>=6.5,<7.0a0'
  url: https://conda.anaconda.org/conda-forge/linux-64/readline-8.3-h853b02a_0.conda
  hash:
    md5: d7d95fc8287ea7bf33e0e7116d2b95ec
    sha256: 12ffde5a6f958e285aa22c191ca01bbd3d6e710aa852e00618fa6ddc59149002
  category: main
  optional: false
- name: tk
  version: 8.6.13
  manager: conda
  platform: linux-64
  dependencies:
    __glibc: '>=2.17,<3.0.a0'
    libgcc: '>=14'
    libzlib: '>=1.3.1,<2.0a0'
  url: https://conda.anaconda.org/conda-forge/linux-64/tk-8.6.13-noxft_h366c992_103.conda
  hash:
    md5: cffd3bdd58090148f4cfcd831f4b26ab
    sha256: cafeec44494f842ffeca27e9c8b0c27ed714f93ac77ddadc6aaf726b5554ebac
  category: main
  optional: false
- name: tomli
  version: 2.4.0
  manager: conda
  platform: linux-64
  dependencies:
    python: ''
  url: https://conda.anaconda.org/conda-forge/noarch/tomli-2.4.0-pyhcf101f3_0.conda
  hash:
    md5: 72e780e9aa2d0a3295f59b1874e3768b
    sha256: 62940c563de45790ba0f076b9f2085a842a65662268b02dd136a8e9b1eaf47a8
  category: main
  optional: false
- name: typing_extensions
  version: 4.15.0
  manager: conda
  platform: linux-64
  dependencies:
    python: ''
  url: https://conda.anaconda.org/conda-forge/noarch/typing_extensions-4.15.0-pyhcf101f3_0.conda
  hash:
    md5: 0caa1af407ecff61170c9437a808404d
    sha256: 032271135bca55aeb156cee361c81350c6f3fb203f57d024d7e5a1fc9ef18731
  category: main
  optional: false
- name: tzdata
  version: 2025c
  manager: conda
  platform: linux-64
  dependencies: {}
  url: https://conda.anaconda.org/conda-forge/noarch/tzdata-2025c-hc9c84f9_1.conda
  hash:
    md5: ad659d0a2b3e47e38d829aa8cad2d610
    sha256: 1d30098909076af33a35017eed6f2953af1c769e273a0626a04722ac4acaba3c
  category: main
  optional: false
- name: zstd
  version: 1.5.7
  manager: conda
  platform: linux-64
  dependencies:
    __glibc: '>=2.17,<3.0.a0'
    libzlib: '>=1.3.1,<2.0a0'
  url: https://conda.anaconda.org/conda-forge/linux-64/zstd-1.5.7-hb78ec9c_6.conda
  hash:
    md5: 4a13eeac0b5c8e5b8ab496e6c4ddd829
    sha256: 68f0206ca6e98fea941e5717cec780ed2873ffabc0e1ed34428c061e2c6268c7
  category: main
  optional: false
